
Microsoft Visual Studio Solution File, Format Version 12.00
# Visual Studio Version 16
VisualStudioVersion = 16.0.32002.261
MinimumVisualStudioVersion = 10.0.40219.1
Project("{FAE04EC0-301F-11D3-BF4B-00C04F79EFBC}") = "HotelListing", "HotelListing\HotelListing.csproj", "{C1A9BF81-6814-4A9A-B2D0-1E5C04C9986C}"
EndProject
Global
	GlobalSection(SolutionConfigurationPlatforms) = preSolution
		Debug|Any CPU = Debug|Any CPU
		Release|Any CPU = Release|Any CPU
	EndGlobalSection
	GlobalSection(ProjectConfigurationPlatforms) = postSolution
		{C1A9BF81-6814-4A9A-B2D0-1E5C04C9986C}.Debug|Any CPU.ActiveCfg = Debug|Any CPU
		{C1A9BF81-6814-4A9A-B2D0-1E5C04C9986C}.Debug|Any CPU.Build.0 = Debug|Any CPU
		{C1A9BF81-6814-4A9A-B2D0-1E5C04C9986C}.Release|Any CPU.ActiveCfg = Release|Any CPU
		{C1A9BF81-6814-4A9A-B2D0-1E5C04C9986C}.Release|Any CPU.Build.0 = Release|Any CPU
	EndGlobalSection
	GlobalSection(SolutionProperties) = preSolution
		HideSolutionNode = FALSE
	EndGlobalSection
	GlobalSection(ExtensibilityGlobals) = postSolution
		SolutionGuid = {250D45B3-F136-4B8D-8818-8E9CD01E3B9D}
	EndGlobalSection
EndGlobal
